// !$*UTF8*$!
{
	archiveVersion = 1;
	classes = {
	};
	objectVersion = 46;
	objects = {

/* Begin PBXBuildFile section */
		433A13991E1A9D6200A84624 /* AppDelegate.swift in Sources */ = {isa = PBXBuildFile; fileRef = 433A13981E1A9D6200A84624 /* AppDelegate.swift */; };
		433A139B1E1A9D6200A84624 /* ViewController.swift in Sources */ = {isa = PBXBuildFile; fileRef = 433A139A1E1A9D6200A84624 /* ViewController.swift */; };
		433A13A11E1A9D6200A84624 /* baiTapJSON.xcdatamodeld in Sources */ = {isa = PBXBuildFile; fileRef = 433A139F1E1A9D6200A84624 /* baiTapJSON.xcdatamodeld */; };
		433A13A31E1A9D6200A84624 /* Assets.xcassets in Resources */ = {isa = PBXBuildFile; fileRef = 433A13A21E1A9D6200A84624 /* Assets.xcassets */; };
		433A13A61E1A9D6200A84624 /* LaunchScreen.storyboard in Resources */ = {isa = PBXBuildFile; fileRef = 433A13A41E1A9D6200A84624 /* LaunchScreen.storyboard */; };
		433A13AE1E1A9E0200A84624 /* FunctionalProgrammingSwift.swift in Sources */ = {isa = PBXBuildFile; fileRef = 433A13AD1E1A9E0200A84624 /* FunctionalProgrammingSwift.swift */; };
/* End PBXBuildFile section */

/* Begin PBXFileReference section */
		433A13951E1A9D6200A84624 /* baiTapJSON.app */ = {isa = PBXFileReference; explicitFileType = wrapper.application; includeInIndex = 0; path = baiTapJSON.app; sourceTree = BUILT_PRODUCTS_DIR; };
		433A13981E1A9D6200A84624 /* AppDelegate.swift */ = {isa = PBXFileReference; lastKnownFileType = sourcecode.swift; path = AppDelegate.swift; sourceTree = "<group>"; };
		433A139A1E1A9D6200A84624 /* ViewController.swift */ = {isa = PBXFileReference; lastKnownFileType = sourcecode.swift; path = ViewController.swift; sourceTree = "<group>"; };
		433A13A01E1A9D6200A84624 /* baiTapJSON.xcdatamodel */ = {isa = PBXFileReference; lastKnownFileType = wrapper.xcdatamodel; path = baiTapJSON.xcdatamodel; sourceTree = "<group>"; };
		433A13A21E1A9D6200A84624 /* Assets.xcassets */ = {isa = PBXFileReference; lastKnownFileType = folder.assetcatalog; path = Assets.xcassets; sourceTree = "<group>"; };
		433A13A51E1A9D6200A84624 /* Base */ = {isa = PBXFileReference; lastKnownFileType = file.storyboard; name = Base; path = Base.lproj/LaunchScreen.storyboard; sourceTree = "<group>"; };
		433A13A71E1A9D6200A84624 /* Info.plist */ = {isa = PBXFileReference; lastKnownFileType = text.plist.xml; path = Info.plist; sourceTree = "<group>"; };
		433A13AD1E1A9E0200A84624 /* FunctionalProgrammingSwift.swift */ = {isa = PBXFileReference; fileEncoding = 4; lastKnownFileType = sourcecode.swift; path = FunctionalProgrammingSwift.swift; sourceTree = "<group>"; };
/* End PBXFileReference section */

/* Begin PBXFrameworksBuildPhase section */
		433A13921E1A9D6200A84624 /* Frameworks */ = {
			isa = PBXFrameworksBuildPhase;
			buildActionMask = 2147483647;
			files = (
			);
			runOnlyForDeploymentPostprocessing = 0;
		};
/* End PBXFrameworksBuildPhase section */

/* Begin PBXGroup section */
		433A138C1E1A9D6200A84624 = {
			isa = PBXGroup;
			children = (
				433A13971E1A9D6200A84624 /* baiTapJSON */,
				433A13961E1A9D6200A84624 /* Products */,
			);
			sourceTree = "<group>";
		};
		433A13961E1A9D6200A84624 /* Products */ = {
			isa = PBXGroup;
			children = (
				433A13951E1A9D6200A84624 /* baiTapJSON.app */,
			);
			name = Products;
			sourceTree = "<group>";
		};
		433A13971E1A9D6200A84624 /* baiTapJSON */ = {
			isa = PBXGroup;
			children = (
				433A13981E1A9D6200A84624 /* AppDelegate.swift */,
				433A139A1E1A9D6200A84624 /* ViewController.swift */,
				433A13AD1E1A9E0200A84624 /* FunctionalProgrammingSwift.swift */,
				433A13A21E1A9D6200A84624 /* Assets.xcassets */,
				433A13A41E1A9D6200A84624 /* LaunchScreen.storyboard */,
				433A13A71E1A9D6200A84624 /* Info.plist */,
				433A139F1E1A9D6200A84624 /* baiTapJSON.xcdatamodeld */,
			);
			path = baiTapJSON;
			sourceTree = "<group>";
		};
/* End PBXGroup section */

/* Begin PBXNativeTarget section */
		433A13941E1A9D6200A84624 /* baiTapJSON */ = {
			isa = PBXNativeTarget;
			buildConfigurationList = 433A13AA1E1A9D6200A84624 /* Build configuration list for PBXNativeTarget "baiTapJSON" */;
			buildPhases = (
				433A13911E1A9D6200A84624 /* Sources */,
				433A13921E1A9D6200A84624 /* Frameworks */,
				433A13931E1A9D6200A84624 /* Resources */,
			);
			buildRules = (
			);
			dependencies = (
			);
			name = baiTapJSON;
			productName = baiTapJSON;
			productReference = 433A13951E1A9D6200A84624 /* baiTapJSON.app */;
			productType = "com.apple.product-type.application";
		};
/* End PBXNativeTarget section */

/* Begin PBXProject section */
		433A138D1E1A9D6200A84624 /* Project object */ = {
			isa = PBXProject;
			attributes = {
				LastSwiftUpdateCheck = 0810;
				LastUpgradeCheck = 0810;
				ORGANIZATIONNAME = "Tai Duong";
				TargetAttributes = {
					433A13941E1A9D6200A84624 = {
						CreatedOnToolsVersion = 8.1;
						ProvisioningStyle = Automatic;
					};
				};
			};
			buildConfigurationList = 433A13901E1A9D6200A84624 /* Build configuration list for PBXProject "baiTapJSON" */;
			compatibilityVersion = "Xcode 3.2";
			developmentRegion = English;
			hasScannedForEncodings = 0;
			knownRegions = (
				en,
				Base,
			);
			mainGroup = 433A138C1E1A9D6200A84624;
			productRefGroup = 433A13961E1A9D6200A84624 /* Products */;
			projectDirPath = "";
			projectRoot = "";
			targets = (
				433A13941E1A9D6200A84624 /* baiTapJSON */,
			);
		};
/* End PBXProject section */

/* Begin PBXResourcesBuildPhase section */
		433A13931E1A9D6200A84624 /* Resources */ = {
			isa = PBXResourcesBuildPhase;
			buildActionMask = 2147483647;
			files = (
				433A13A61E1A9D6200A84624 /* LaunchScreen.storyboard in Resources */,
				433A13A31E1A9D6200A84624 /* Assets.xcassets in Resources */,
			);
			runOnlyForDeploymentPostprocessing = 0;
		};
/* End PBXResourcesBuildPhase section */

/* Begin PBXSourcesBuildPhase section */
		433A13911E1A9D6200A84624 /* Sources */ = {
			isa = PBXSourcesBuildPhase;
			buildActionMask = 2147483647;
			files = (
				433A13AE1E1A9E0200A84624 /* FunctionalProgrammingSwift.swift in Sources */,
				433A139B1E1A9D6200A84624 /* ViewController.swift in Sources */,
				433A13991E1A9D6200A84624 /* AppDelegate.swift in Sources */,
				433A13A11E1A9D6200A84624 /* baiTapJSON.xcdatamodeld in Sources */,
			);
			runOnlyForDeploymentPostprocessing = 0;
		};
/* End PBXSourcesBuildPhase section */

/* Begin PBXVariantGroup section */
		433A13A41E1A9D6200A84624 /* LaunchScreen.storyboard */ = {
			isa = PBXVariantGroup;
			children = (
				433A13A51E1A9D6200A84624 /* Base */,
			);
			name = LaunchScreen.storyboard;
			sourceTree = "<group>";
		};
/* End PBXVariantGroup section */

/* Begin XCBuildConfiguration section */
		433A13A81E1A9D6200A84624 /* Debug */ = {
			isa = XCBuildConfiguration;
			buildSettings = {
				ALWAYS_SEARCH_USER_PATHS = NO;
				CLANG_ANALYZER_NONNULL = YES;
				CLANG_CXX_LANGUAGE_STANDARD = "gnu++0x";
				CLANG_CXX_LIBRARY = "libc++";
				CLANG_ENABLE_MODULES = YES;
				CLANG_ENABLE_OBJC_ARC = YES;
				CLANG_WARN_BOOL_CONVERSION = YES;
				CLANG_WARN_CONSTANT_CONVERSION = YES;
				CLANG_WARN_DIRECT_OBJC_ISA_USAGE = YES_ERROR;
				CLANG_WARN_DOCUMENTATION_COMMENTS = YES;
				CLANG_WARN_EMPTY_BODY = YES;
				CLANG_WARN_ENUM_CONVERSION = YES;
				CLANG_WARN_INFINITE_RECURSION = YES;
				CLANG_WARN_INT_CONVERSION = YES;
				CLANG_WARN_OBJC_ROOT_CLASS = YES_ERROR;
				CLANG_WARN_SUSPICIOUS_MOVES = YES;
				CLANG_WARN_UNREACHABLE_CODE = YES;
				CLANG_WARN__DUPLICATE_METHOD_MATCH = YES;
				"CODE_SIGN_IDENTITY[sdk=iphoneos*]" = "iPhone Developer";
				COPY_PHASE_STRIP = NO;
				DEBUG_INFORMATION_FORMAT = dwarf;
				ENABLE_STRICT_OBJC_MSGSEND = YES;
				ENABLE_TESTABILITY = YES;
				GCC_C_LANGUAGE_STANDARD = gnu99;
				GCC_DYNAMIC_NO_PIC = NO;
				GCC_NO_COMMON_BLOCKS = YES;
				GCC_OPTIMIZATION_LEVEL = 0;
				GCC_PREPROCESSOR_DEFINITIONS = (
					"DEBUG=1",
					"$(inherited)",
				);
				GCC_WARN_64_TO_32_BIT_CONVERSION = YES;
				GCC_WARN_ABOUT_RETURN_TYPE = YES_ERROR;
				GCC_WARN_UNDECLARED_SELECTOR = YES;
				GCC_WARN_UNINITIALIZED_AUTOS = YES_AGGRESSIVE;
				GCC_WARN_UNUSED_FUNCTION = YES;
				GCC_WARN_UNUSED_VARIABLE = YES;
				IPHONEOS_DEPLOYMENT_TARGET = 10.1;
				MTL_ENABLE_DEBUG_INFO = YES;
				ONLY_ACTIVE_ARCH = YES;
				SDKROOT = iphoneos;
				SWIFT_ACTIVE_COMPILATION_CONDITIONS = DEBUG;
				SWIFT_OPTIMIZATION_LEVEL = "-Onone";
				TARGETED_DEVICE_FAMILY = "1,2";
			};
			name = Debug;
		};
		433A13A91E1A9D6200A84624 /* Release */ = {
			isa = XCBuildConfiguration;
			buildSettings = {
				ALWAYS_SEARCH_USER_PATHS = NO;
				CLANG_ANALYZER_NONNULL = YES;
				CLANG_CXX_LANGUAGE_STANDARD = "gnu++0x";
				CLANG_CXX_LIBRARY = "libc++";
				CLANG_ENABLE_MODULES = YES;
				CLANG_ENABLE_OBJC_ARC = YES;
				CLANG_WARN_BOOL_CONVERSION = YES;
				CLANG_WARN_CONSTANT_CONVERSION = YES;
				CLANG_WARN_DIRECT_OBJC_ISA_USAGE = YES_ERROR;
				CLANG_WARN_DOCUMENTATION_COMMENTS = YES;
				CLANG_WARN_EMPTY_BODY = YES;
				CLANG_WARN_ENUM_CONVERSION = YES;
				CLANG_WARN_INFINITE_RECURSION = YES;
				CLANG_WARN_INT_CONVERSION = YES;
				CLANG_WARN_OBJC_ROOT_CLASS = YES_ERROR;
				CLANG_WARN_SUSPICIOUS_MOVES = YES;
				CLANG_WARN_UNREACHABLE_CODE = YES;
				CLANG_WARN__DUPLICATE_METHOD_MATCH = YES;
				"CODE_SIGN_IDENTITY[sdk=iphoneos*]" = "iPhone Developer";
				COPY_PHASE_STRIP = NO;
				DEBUG_INFORMATION_FORMAT = "dwarf-with-dsym";
				ENABLE_NS_ASSERTIONS = NO;
				ENABLE_STRICT_OBJC_MSGSEND = YES;
				GCC_C_LANGUAGE_STANDARD = gnu99;
				GCC_NO_COMMON_BLOCKS = YES;
				GCC_WARN_64_TO_32_BIT_CONVERSION = YES;
				GCC_WARN_ABOUT_RETURN_TYPE = YES_ERROR;
				GCC_WARN_UNDECLARED_SELECTOR = YES;
				GCC_WARN_UNINITIALIZED_AUTOS = YES_AGGRESSIVE;
				GCC_WARN_UNUSED_FUNCTION = YES;
				GCC_WARN_UNUSED_VARIABLE = YES;
				IPHONEOS_DEPLOYMENT_TARGET = 10.1;
				MTL_ENABLE_DEBUG_INFO = NO;
				SDKROOT = iphoneos;
				SWIFT_OPTIMIZATION_LEVEL = "-Owholemodule";
				TARGETED_DEVICE_FAMILY = "1,2";
				VALIDATE_PRODUCT = YES;
			};
			name = Release;
		};
		433A13AB1E1A9D6200A84624 /* Debug */ = {
			isa = XCBuildConfiguration;
			buildSettings = {
				ASSETCATALOG_COMPILER_APPICON_NAME = AppIcon;
				INFOPLIST_FILE = baiTapJSON/Info.plist;
				LD_RUNPATH_SEARCH_PATHS = "$(inherited) @executable_path/Frameworks";
				PRODUCT_BUNDLE_IDENTIFIER = com.imbaggaarm.baiTapJSON;
				PRODUCT_NAME = "$(TARGET_NAME)";
				SWIFT_VERSION = 3.0;
			};
			name = Debug;
		};
		433A13AC1E1A9D6200A84624 /* Release */ = {
			isa = XCBuildConfiguration;
			buildSettings = {
				ASSETCATALOG_COMPILER_APPICON_NAME = AppIcon;
				INFOPLIST_FILE = baiTapJSON/Info.plist;
				LD_RUNPATH_SEARCH_PATHS = "$(inherited) @executable_path/Frameworks";
				PRODUCT_BUNDLE_IDENTIFIER = com.imbaggaarm.baiTapJSON;
				PRODUCT_NAME = "$(TARGET_NAME)";
				SWIFT_VERSION = 3.0;
			};
			name = Release;
		};
/* End XCBuildConfiguration section */

/* Begin XCConfigurationList section */
		433A13901E1A9D6200A84624 /* Build configuration list for PBXProject "baiTapJSON" */ = {
			isa = XCConfigurationList;
			buildConfigurations = (
				433A13A81E1A9D6200A84624 /* Debug */,
				433A13A91E1A9D6200A84624 /* Release */,
			);
			defaultConfigurationIsVisible = 0;
			defaultConfigurationName = Release;
		};
		433A13AA1E1A9D6200A84624 /* Build configuration list for PBXNativeTarget "baiTapJSON" */ = {
			isa = XCConfigurationList;
			buildConfigurations = (
				433A13AB1E1A9D6200A84624 /* Debug */,
				433A13AC1E1A9D6200A84624 /* Release */,
			);
			defaultConfigurationIsVisible = 0;
		};
/* End XCConfigurationList section */

/* Begin XCVersionGroup section */
		433A139F1E1A9D6200A84624 /* baiTapJSON.xcdatamodeld */ = {
			isa = XCVersionGroup;
			children = (
				433A13A01E1A9D6200A84624 /* baiTapJSON.xcdatamodel */,
			);
			currentVersion = 433A13A01E1A9D6200A84624 /* baiTapJSON.xcdatamodel */;
			path = baiTapJSON.xcdatamodeld;
			sourceTree = "<group>";
			versionGroupType = wrapper.xcdatamodel;
		};
/* End XCVersionGroup section */
	};
	rootObject = 433A138D1E1A9D6200A84624 /* Project object */;
}
